
Microsoft Visual Studio Solution File, Format Version 12.00
# Visual Studio 14
VisualStudioVersion = 14.0.24720.0
MinimumVisualStudioVersion = 10.0.40219.1
Project("{FAE04EC0-301F-11D3-BF4B-00C04F79EFBC}") = "ADALIssue", "ADALIssue\ADALIssue\ADALIssue.csproj", "{78893217-C694-438E-8F90-A91878D8314B}"
EndProject
Project("{FAE04EC0-301F-11D3-BF4B-00C04F79EFBC}") = "ADALIssue.iOS", "ADALIssue\ADALIssue.iOS\ADALIssue.iOS.csproj", "{5B5E9018-E48D-4150-B264-AB1E75E2CCEC}"
EndProject
Project("{FAE04EC0-301F-11D3-BF4B-00C04F79EFBC}") = "XamCompileIssue.iOS", "XamCompileIssue\XamCompileIssue.iOS\XamCompileIssue.iOS.csproj", "{9EC81A23-8D47-42DF-A50E-C4304AEE197D}"
EndProject
Project("{FAE04EC0-301F-11D3-BF4B-00C04F79EFBC}") = "XamCompileIssue", "XamCompileIssue\XamCompileIssue\XamCompileIssue.csproj", "{850F2B55-AE7B-49D5-ACC7-15D39AAFA2E5}"
EndProject
Global
	GlobalSection(SolutionConfigurationPlatforms) = preSolution
		Ad-Hoc|Any CPU = Ad-Hoc|Any CPU
		Ad-Hoc|ARM = Ad-Hoc|ARM
		Ad-Hoc|iPhone = Ad-Hoc|iPhone
		Ad-Hoc|iPhoneSimulator = Ad-Hoc|iPhoneSimulator
		Ad-Hoc|x86 = Ad-Hoc|x86
		AppStore|Any CPU = AppStore|Any CPU
		AppStore|ARM = AppStore|ARM
		AppStore|iPhone = AppStore|iPhone
		AppStore|iPhoneSimulator = AppStore|iPhoneSimulator
		AppStore|x86 = AppStore|x86
		Debug|Any CPU = Debug|Any CPU
		Debug|ARM = Debug|ARM
		Debug|iPhone = Debug|iPhone
		Debug|iPhoneSimulator = Debug|iPhoneSimulator
		Debug|x86 = Debug|x86
		Release|Any CPU = Release|Any CPU
		Release|ARM = Release|ARM
		Release|iPhone = Release|iPhone
		Release|iPhoneSimulator = Release|iPhoneSimulator
		Release|x86 = Release|x86
	EndGlobalSection
	GlobalSection(ProjectConfigurationPlatforms) = postSolution
		{78893217-C694-438E-8F90-A91878D8314B}.Ad-Hoc|Any CPU.ActiveCfg = Release|Any CPU
		{78893217-C694-438E-8F90-A91878D8314B}.Ad-Hoc|Any CPU.Build.0 = Release|Any CPU
		{78893217-C694-438E-8F90-A91878D8314B}.Ad-Hoc|ARM.ActiveCfg = Release|Any CPU
		{78893217-C694-438E-8F90-A91878D8314B}.Ad-Hoc|ARM.Build.0 = Release|Any CPU
		{78893217-C694-438E-8F90-A91878D8314B}.Ad-Hoc|iPhone.ActiveCfg = Release|Any CPU
		{78893217-C694-438E-8F90-A91878D8314B}.Ad-Hoc|iPhone.Build.0 = Release|Any CPU
		{78893217-C694-438E-8F90-A91878D8314B}.Ad-Hoc|iPhoneSimulator.ActiveCfg = Release|Any CPU
		{78893217-C694-438E-8F90-A91878D8314B}.Ad-Hoc|iPhoneSimulator.Build.0 = Release|Any CPU
		{78893217-C694-438E-8F90-A91878D8314B}.Ad-Hoc|x86.ActiveCfg = Release|Any CPU
		{78893217-C694-438E-8F90-A91878D8314B}.Ad-Hoc|x86.Build.0 = Release|Any CPU
		{78893217-C694-438E-8F90-A91878D8314B}.AppStore|Any CPU.ActiveCfg = Release|Any CPU
		{78893217-C694-438E-8F90-A91878D8314B}.AppStore|Any CPU.Build.0 = Release|Any CPU
		{78893217-C694-438E-8F90-A91878D8314B}.AppStore|ARM.ActiveCfg = Release|Any CPU
		{78893217-C694-438E-8F90-A91878D8314B}.AppStore|ARM.Build.0 = Release|Any CPU
		{78893217-C694-438E-8F90-A91878D8314B}.AppStore|iPhone.ActiveCfg = Release|Any CPU
		{78893217-C694-438E-8F90-A91878D8314B}.AppStore|iPhone.Build.0 = Release|Any CPU
		{78893217-C694-438E-8F90-A91878D8314B}.AppStore|iPhoneSimulator.ActiveCfg = Release|Any CPU
		{78893217-C694-438E-8F90-A91878D8314B}.AppStore|iPhoneSimulator.Build.0 = Release|Any CPU
		{78893217-C694-438E-8F90-A91878D8314B}.AppStore|x86.ActiveCfg = Release|Any CPU
		{78893217-C694-438E-8F90-A91878D8314B}.AppStore|x86.Build.0 = Release|Any CPU
		{78893217-C694-438E-8F90-A91878D8314B}.Debug|Any CPU.ActiveCfg = Debug|Any CPU
		{78893217-C694-438E-8F90-A91878D8314B}.Debug|Any CPU.Build.0 = Debug|Any CPU
		{78893217-C694-438E-8F90-A91878D8314B}.Debug|ARM.ActiveCfg = Debug|Any CPU
		{78893217-C694-438E-8F90-A91878D8314B}.Debug|ARM.Build.0 = Debug|Any CPU
		{78893217-C694-438E-8F90-A91878D8314B}.Debug|iPhone.ActiveCfg = Debug|Any CPU
		{78893217-C694-438E-8F90-A91878D8314B}.Debug|iPhone.Build.0 = Debug|Any CPU
		{78893217-C694-438E-8F90-A91878D8314B}.Debug|iPhoneSimulator.ActiveCfg = Debug|Any CPU
		{78893217-C694-438E-8F90-A91878D8314B}.Debug|iPhoneSimulator.Build.0 = Debug|Any CPU
		{78893217-C694-438E-8F90-A91878D8314B}.Debug|x86.ActiveCfg = Debug|Any CPU
		{78893217-C694-438E-8F90-A91878D8314B}.Debug|x86.Build.0 = Debug|Any CPU
		{78893217-C694-438E-8F90-A91878D8314B}.Release|Any CPU.ActiveCfg = Release|Any CPU
		{78893217-C694-438E-8F90-A91878D8314B}.Release|Any CPU.Build.0 = Release|Any CPU
		{78893217-C694-438E-8F90-A91878D8314B}.Release|ARM.ActiveCfg = Release|Any CPU
		{78893217-C694-438E-8F90-A91878D8314B}.Release|ARM.Build.0 = Release|Any CPU
		{78893217-C694-438E-8F90-A91878D8314B}.Release|iPhone.ActiveCfg = Release|Any CPU
		{78893217-C694-438E-8F90-A91878D8314B}.Release|iPhone.Build.0 = Release|Any CPU
		{78893217-C694-438E-8F90-A91878D8314B}.Release|iPhoneSimulator.ActiveCfg = Release|Any CPU
		{78893217-C694-438E-8F90-A91878D8314B}.Release|iPhoneSimulator.Build.0 = Release|Any CPU
		{78893217-C694-438E-8F90-A91878D8314B}.Release|x86.ActiveCfg = Release|Any CPU
		{78893217-C694-438E-8F90-A91878D8314B}.Release|x86.Build.0 = Release|Any CPU
		{5B5E9018-E48D-4150-B264-AB1E75E2CCEC}.Ad-Hoc|Any CPU.ActiveCfg = Ad-Hoc|iPhone
		{5B5E9018-E48D-4150-B264-AB1E75E2CCEC}.Ad-Hoc|ARM.ActiveCfg = Ad-Hoc|iPhone
		{5B5E9018-E48D-4150-B264-AB1E75E2CCEC}.Ad-Hoc|iPhone.ActiveCfg = Ad-Hoc|iPhone
		{5B5E9018-E48D-4150-B264-AB1E75E2CCEC}.Ad-Hoc|iPhone.Build.0 = Ad-Hoc|iPhone
		{5B5E9018-E48D-4150-B264-AB1E75E2CCEC}.Ad-Hoc|iPhoneSimulator.ActiveCfg = Ad-Hoc|iPhoneSimulator
		{5B5E9018-E48D-4150-B264-AB1E75E2CCEC}.Ad-Hoc|iPhoneSimulator.Build.0 = Ad-Hoc|iPhoneSimulator
		{5B5E9018-E48D-4150-B264-AB1E75E2CCEC}.Ad-Hoc|x86.ActiveCfg = Ad-Hoc|iPhone
		{5B5E9018-E48D-4150-B264-AB1E75E2CCEC}.AppStore|Any CPU.ActiveCfg = AppStore|iPhone
		{5B5E9018-E48D-4150-B264-AB1E75E2CCEC}.AppStore|ARM.ActiveCfg = AppStore|iPhone
		{5B5E9018-E48D-4150-B264-AB1E75E2CCEC}.AppStore|iPhone.ActiveCfg = AppStore|iPhone
		{5B5E9018-E48D-4150-B264-AB1E75E2CCEC}.AppStore|iPhone.Build.0 = AppStore|iPhone
		{5B5E9018-E48D-4150-B264-AB1E75E2CCEC}.AppStore|iPhoneSimulator.ActiveCfg = AppStore|iPhoneSimulator
		{5B5E9018-E48D-4150-B264-AB1E75E2CCEC}.AppStore|iPhoneSimulator.Build.0 = AppStore|iPhoneSimulator
		{5B5E9018-E48D-4150-B264-AB1E75E2CCEC}.AppStore|x86.ActiveCfg = AppStore|iPhone
		{5B5E9018-E48D-4150-B264-AB1E75E2CCEC}.Debug|Any CPU.ActiveCfg = Debug|iPhone
		{5B5E9018-E48D-4150-B264-AB1E75E2CCEC}.Debug|Any CPU.Build.0 = Debug|iPhone
		{5B5E9018-E48D-4150-B264-AB1E75E2CCEC}.Debug|ARM.ActiveCfg = Debug|iPhone
		{5B5E9018-E48D-4150-B264-AB1E75E2CCEC}.Debug|iPhone.ActiveCfg = Debug|iPhone
		{5B5E9018-E48D-4150-B264-AB1E75E2CCEC}.Debug|iPhone.Build.0 = Debug|iPhone
		{5B5E9018-E48D-4150-B264-AB1E75E2CCEC}.Debug|iPhoneSimulator.ActiveCfg = Debug|iPhoneSimulator
		{5B5E9018-E48D-4150-B264-AB1E75E2CCEC}.Debug|iPhoneSimulator.Build.0 = Debug|iPhoneSimulator
		{5B5E9018-E48D-4150-B264-AB1E75E2CCEC}.Debug|x86.ActiveCfg = Debug|iPhone
		{5B5E9018-E48D-4150-B264-AB1E75E2CCEC}.Release|Any CPU.ActiveCfg = Release|iPhone
		{5B5E9018-E48D-4150-B264-AB1E75E2CCEC}.Release|ARM.ActiveCfg = Release|iPhone
		{5B5E9018-E48D-4150-B264-AB1E75E2CCEC}.Release|iPhone.ActiveCfg = Release|iPhone
		{5B5E9018-E48D-4150-B264-AB1E75E2CCEC}.Release|iPhone.Build.0 = Release|iPhone
		{5B5E9018-E48D-4150-B264-AB1E75E2CCEC}.Release|iPhoneSimulator.ActiveCfg = Release|iPhoneSimulator
		{5B5E9018-E48D-4150-B264-AB1E75E2CCEC}.Release|iPhoneSimulator.Build.0 = Release|iPhoneSimulator
		{5B5E9018-E48D-4150-B264-AB1E75E2CCEC}.Release|x86.ActiveCfg = Release|iPhone
		{9EC81A23-8D47-42DF-A50E-C4304AEE197D}.Ad-Hoc|Any CPU.ActiveCfg = Ad-Hoc|iPhone
		{9EC81A23-8D47-42DF-A50E-C4304AEE197D}.Ad-Hoc|ARM.ActiveCfg = Ad-Hoc|iPhone
		{9EC81A23-8D47-42DF-A50E-C4304AEE197D}.Ad-Hoc|iPhone.ActiveCfg = Ad-Hoc|iPhone
		{9EC81A23-8D47-42DF-A50E-C4304AEE197D}.Ad-Hoc|iPhone.Build.0 = Ad-Hoc|iPhone
		{9EC81A23-8D47-42DF-A50E-C4304AEE197D}.Ad-Hoc|iPhoneSimulator.ActiveCfg = Ad-Hoc|iPhoneSimulator
		{9EC81A23-8D47-42DF-A50E-C4304AEE197D}.Ad-Hoc|iPhoneSimulator.Build.0 = Ad-Hoc|iPhoneSimulator
		{9EC81A23-8D47-42DF-A50E-C4304AEE197D}.Ad-Hoc|x86.ActiveCfg = Ad-Hoc|iPhone
		{9EC81A23-8D47-42DF-A50E-C4304AEE197D}.AppStore|Any CPU.ActiveCfg = AppStore|iPhone
		{9EC81A23-8D47-42DF-A50E-C4304AEE197D}.AppStore|ARM.ActiveCfg = AppStore|iPhone
		{9EC81A23-8D47-42DF-A50E-C4304AEE197D}.AppStore|iPhone.ActiveCfg = AppStore|iPhone
		{9EC81A23-8D47-42DF-A50E-C4304AEE197D}.AppStore|iPhone.Build.0 = AppStore|iPhone
		{9EC81A23-8D47-42DF-A50E-C4304AEE197D}.AppStore|iPhoneSimulator.ActiveCfg = AppStore|iPhoneSimulator
		{9EC81A23-8D47-42DF-A50E-C4304AEE197D}.AppStore|iPhoneSimulator.Build.0 = AppStore|iPhoneSimulator
		{9EC81A23-8D47-42DF-A50E-C4304AEE197D}.AppStore|x86.ActiveCfg = AppStore|iPhone
		{9EC81A23-8D47-42DF-A50E-C4304AEE197D}.Debug|Any CPU.ActiveCfg = Debug|iPhone
		{9EC81A23-8D47-42DF-A50E-C4304AEE197D}.Debug|Any CPU.Build.0 = Debug|iPhone
		{9EC81A23-8D47-42DF-A50E-C4304AEE197D}.Debug|ARM.ActiveCfg = Debug|iPhone
		{9EC81A23-8D47-42DF-A50E-C4304AEE197D}.Debug|iPhone.ActiveCfg = Debug|iPhone
		{9EC81A23-8D47-42DF-A50E-C4304AEE197D}.Debug|iPhone.Build.0 = Debug|iPhone
		{9EC81A23-8D47-42DF-A50E-C4304AEE197D}.Debug|iPhoneSimulator.ActiveCfg = Debug|iPhoneSimulator
		{9EC81A23-8D47-42DF-A50E-C4304AEE197D}.Debug|iPhoneSimulator.Build.0 = Debug|iPhoneSimulator
		{9EC81A23-8D47-42DF-A50E-C4304AEE197D}.Debug|x86.ActiveCfg = Debug|iPhone
		{9EC81A23-8D47-42DF-A50E-C4304AEE197D}.Release|Any CPU.ActiveCfg = Release|iPhone
		{9EC81A23-8D47-42DF-A50E-C4304AEE197D}.Release|ARM.ActiveCfg = Release|iPhone
		{9EC81A23-8D47-42DF-A50E-C4304AEE197D}.Release|iPhone.ActiveCfg = Release|iPhone
		{9EC81A23-8D47-42DF-A50E-C4304AEE197D}.Release|iPhone.Build.0 = Release|iPhone
		{9EC81A23-8D47-42DF-A50E-C4304AEE197D}.Release|iPhoneSimulator.ActiveCfg = Release|iPhoneSimulator
		{9EC81A23-8D47-42DF-A50E-C4304AEE197D}.Release|iPhoneSimulator.Build.0 = Release|iPhoneSimulator
		{9EC81A23-8D47-42DF-A50E-C4304AEE197D}.Release|x86.ActiveCfg = Release|iPhone
		{850F2B55-AE7B-49D5-ACC7-15D39AAFA2E5}.Ad-Hoc|Any CPU.ActiveCfg = Release|Any CPU
		{850F2B55-AE7B-49D5-ACC7-15D39AAFA2E5}.Ad-Hoc|Any CPU.Build.0 = Release|Any CPU
		{850F2B55-AE7B-49D5-ACC7-15D39AAFA2E5}.Ad-Hoc|ARM.ActiveCfg = Release|Any CPU
		{850F2B55-AE7B-49D5-ACC7-15D39AAFA2E5}.Ad-Hoc|ARM.Build.0 = Release|Any CPU
		{850F2B55-AE7B-49D5-ACC7-15D39AAFA2E5}.Ad-Hoc|iPhone.ActiveCfg = Release|Any CPU
		{850F2B55-AE7B-49D5-ACC7-15D39AAFA2E5}.Ad-Hoc|iPhone.Build.0 = Release|Any CPU
		{850F2B55-AE7B-49D5-ACC7-15D39AAFA2E5}.Ad-Hoc|iPhoneSimulator.ActiveCfg = Release|Any CPU
		{850F2B55-AE7B-49D5-ACC7-15D39AAFA2E5}.Ad-Hoc|iPhoneSimulator.Build.0 = Release|Any CPU
		{850F2B55-AE7B-49D5-ACC7-15D39AAFA2E5}.Ad-Hoc|x86.ActiveCfg = Release|Any CPU
		{850F2B55-AE7B-49D5-ACC7-15D39AAFA2E5}.Ad-Hoc|x86.Build.0 = Release|Any CPU
		{850F2B55-AE7B-49D5-ACC7-15D39AAFA2E5}.AppStore|Any CPU.ActiveCfg = Release|Any CPU
		{850F2B55-AE7B-49D5-ACC7-15D39AAFA2E5}.AppStore|Any CPU.Build.0 = Release|Any CPU
		{850F2B55-AE7B-49D5-ACC7-15D39AAFA2E5}.AppStore|ARM.ActiveCfg = Release|Any CPU
		{850F2B55-AE7B-49D5-ACC7-15D39AAFA2E5}.AppStore|ARM.Build.0 = Release|Any CPU
		{850F2B55-AE7B-49D5-ACC7-15D39AAFA2E5}.AppStore|iPhone.ActiveCfg = Release|Any CPU
		{850F2B55-AE7B-49D5-ACC7-15D39AAFA2E5}.AppStore|iPhone.Build.0 = Release|Any CPU
		{850F2B55-AE7B-49D5-ACC7-15D39AAFA2E5}.AppStore|iPhoneSimulator.ActiveCfg = Release|Any CPU
		{850F2B55-AE7B-49D5-ACC7-15D39AAFA2E5}.AppStore|iPhoneSimulator.Build.0 = Release|Any CPU
		{850F2B55-AE7B-49D5-ACC7-15D39AAFA2E5}.AppStore|x86.ActiveCfg = Release|Any CPU
		{850F2B55-AE7B-49D5-ACC7-15D39AAFA2E5}.AppStore|x86.Build.0 = Release|Any CPU
		{850F2B55-AE7B-49D5-ACC7-15D39AAFA2E5}.Debug|Any CPU.ActiveCfg = Debug|Any CPU
		{850F2B55-AE7B-49D5-ACC7-15D39AAFA2E5}.Debug|Any CPU.Build.0 = Debug|Any CPU
		{850F2B55-AE7B-49D5-ACC7-15D39AAFA2E5}.Debug|ARM.ActiveCfg = Debug|Any CPU
		{850F2B55-AE7B-49D5-ACC7-15D39AAFA2E5}.Debug|ARM.Build.0 = Debug|Any CPU
		{850F2B55-AE7B-49D5-ACC7-15D39AAFA2E5}.Debug|iPhone.ActiveCfg = Debug|Any CPU
		{850F2B55-AE7B-49D5-ACC7-15D39AAFA2E5}.Debug|iPhone.Build.0 = Debug|Any CPU
		{850F2B55-AE7B-49D5-ACC7-15D39AAFA2E5}.Debug|iPhoneSimulator.ActiveCfg = Debug|Any CPU
		{850F2B55-AE7B-49D5-ACC7-15D39AAFA2E5}.Debug|iPhoneSimulator.Build.0 = Debug|Any CPU
		{850F2B55-AE7B-49D5-ACC7-15D39AAFA2E5}.Debug|x86.ActiveCfg = Debug|Any CPU
		{850F2B55-AE7B-49D5-ACC7-15D39AAFA2E5}.Debug|x86.Build.0 = Debug|Any CPU
		{850F2B55-AE7B-49D5-ACC7-15D39AAFA2E5}.Release|Any CPU.ActiveCfg = Release|Any CPU
		{850F2B55-AE7B-49D5-ACC7-15D39AAFA2E5}.Release|Any CPU.Build.0 = Release|Any CPU
		{850F2B55-AE7B-49D5-ACC7-15D39AAFA2E5}.Release|ARM.ActiveCfg = Release|Any CPU
		{850F2B55-AE7B-49D5-ACC7-15D39AAFA2E5}.Release|ARM.Build.0 = Release|Any CPU
		{850F2B55-AE7B-49D5-ACC7-15D39AAFA2E5}.Release|iPhone.ActiveCfg = Release|Any CPU
		{850F2B55-AE7B-49D5-ACC7-15D39AAFA2E5}.Release|iPhone.Build.0 = Release|Any CPU
		{850F2B55-AE7B-49D5-ACC7-15D39AAFA2E5}.Release|iPhoneSimulator.ActiveCfg = Release|Any CPU
		{850F2B55-AE7B-49D5-ACC7-15D39AAFA2E5}.Release|iPhoneSimulator.Build.0 = Release|Any CPU
		{850F2B55-AE7B-49D5-ACC7-15D39AAFA2E5}.Release|x86.ActiveCfg = Release|Any CPU
		{850F2B55-AE7B-49D5-ACC7-15D39AAFA2E5}.Release|x86.Build.0 = Release|Any CPU
	EndGlobalSection
	GlobalSection(SolutionProperties) = preSolution
		HideSolutionNode = FALSE
	EndGlobalSection
EndGlobal
